// !$*UTF8*$!
{
	archiveVersion = 1;
	classes = {
	};
	objectVersion = 46;
	objects = {

/* Begin PBXBuildFile section */
		323932D31993CF9F00BD549E /* Foundation.framework in Frameworks */ = {isa = PBXBuildFile; fileRef = 323932D21993CF9F00BD549E /* Foundation.framework */; };
		323932D61993CFA000BD549E /* main.m in Sources */ = {isa = PBXBuildFile; fileRef = 323932D51993CFA000BD549E /* main.m */; };
		323932DA1993CFA000BD549E /* ProvisioningProfileCleaner.1 in CopyFiles */ = {isa = PBXBuildFile; fileRef = 323932D91993CFA000BD549E /* ProvisioningProfileCleaner.1 */; };
		323932E21993CFC000BD549E /* KBProfileHelper.m in Sources */ = {isa = PBXBuildFile; fileRef = 323932E11993CFC000BD549E /* KBProfileHelper.m */; };
		323932E919940A6600BD549E /* AppKit.framework in Frameworks */ = {isa = PBXBuildFile; fileRef = 323932E819940A6600BD549E /* AppKit.framework */; };
		323932EA19940A6600BD549E /* Foundation.framework in Frameworks */ = {isa = PBXBuildFile; fileRef = 323932D21993CF9F00BD549E /* Foundation.framework */; };
		323932F019940A6600BD549E /* InfoPlist.strings in Resources */ = {isa = PBXBuildFile; fileRef = 323932EE19940A6600BD549E /* InfoPlist.strings */; };
		323932F319940A6600BD549E /* XCProfileCleaner.m in Sources */ = {isa = PBXBuildFile; fileRef = 323932F219940A6600BD549E /* XCProfileCleaner.m */; };
		323932F819940C4800BD549E /* KBProfileHelper.m in Sources */ = {isa = PBXBuildFile; fileRef = 323932E11993CFC000BD549E /* KBProfileHelper.m */; };
/* End PBXBuildFile section */

/* Begin PBXCopyFilesBuildPhase section */
		323932CD1993CF9F00BD549E /* CopyFiles */ = {
			isa = PBXCopyFilesBuildPhase;
			buildActionMask = 2147483647;
			dstPath = /usr/share/man/man1/;
			dstSubfolderSpec = 0;
			files = (
				323932DA1993CFA000BD549E /* ProvisioningProfileCleaner.1 in CopyFiles */,
			);
			runOnlyForDeploymentPostprocessing = 1;
		};
/* End PBXCopyFilesBuildPhase section */

/* Begin PBXFileReference section */
		323932CF1993CF9F00BD549E /* ProvisioningProfileCleaner */ = {isa = PBXFileReference; explicitFileType = "compiled.mach-o.executable"; includeInIndex = 0; path = ProvisioningProfileCleaner; sourceTree = BUILT_PRODUCTS_DIR; };
		323932D21993CF9F00BD549E /* Foundation.framework */ = {isa = PBXFileReference; lastKnownFileType = wrapper.framework; name = Foundation.framework; path = System/Library/Frameworks/Foundation.framework; sourceTree = SDKROOT; };
		323932D51993CFA000BD549E /* main.m */ = {isa = PBXFileReference; lastKnownFileType = sourcecode.c.objc; path = main.m; sourceTree = "<group>"; };
		323932D81993CFA000BD549E /* ProvisioningProfileCleaner-Prefix.pch */ = {isa = PBXFileReference; lastKnownFileType = sourcecode.c.h; path = "ProvisioningProfileCleaner-Prefix.pch"; sourceTree = "<group>"; };
		323932D91993CFA000BD549E /* ProvisioningProfileCleaner.1 */ = {isa = PBXFileReference; lastKnownFileType = text.man; path = ProvisioningProfileCleaner.1; sourceTree = "<group>"; };
		323932E01993CFC000BD549E /* KBProfileHelper.h */ = {isa = PBXFileReference; fileEncoding = 4; lastKnownFileType = sourcecode.c.h; path = KBProfileHelper.h; sourceTree = "<group>"; };
		323932E11993CFC000BD549E /* KBProfileHelper.m */ = {isa = PBXFileReference; fileEncoding = 4; lastKnownFileType = sourcecode.c.objc; path = KBProfileHelper.m; sourceTree = "<group>"; };
		323932E719940A6600BD549E /* XCProfileCleaner.xcplugin */ = {isa = PBXFileReference; explicitFileType = wrapper.cfbundle; includeInIndex = 0; path = XCProfileCleaner.xcplugin; sourceTree = BUILT_PRODUCTS_DIR; };
		323932E819940A6600BD549E /* AppKit.framework */ = {isa = PBXFileReference; lastKnownFileType = wrapper.framework; name = AppKit.framework; path = System/Library/Frameworks/AppKit.framework; sourceTree = SDKROOT; };
		323932ED19940A6600BD549E /* XCProfileCleaner-Info.plist */ = {isa = PBXFileReference; lastKnownFileType = text.plist.xml; path = "XCProfileCleaner-Info.plist"; sourceTree = "<group>"; };
		323932EF19940A6600BD549E /* en */ = {isa = PBXFileReference; lastKnownFileType = text.plist.strings; name = en; path = en.lproj/InfoPlist.strings; sourceTree = "<group>"; };
		323932F119940A6600BD549E /* XCProfileCleaner.h */ = {isa = PBXFileReference; lastKnownFileType = sourcecode.c.h; path = XCProfileCleaner.h; sourceTree = "<group>"; };
		323932F219940A6600BD549E /* XCProfileCleaner.m */ = {isa = PBXFileReference; lastKnownFileType = sourcecode.c.objc; path = XCProfileCleaner.m; sourceTree = "<group>"; };
		323932F419940A6600BD549E /* XCProfileCleaner-Prefix.pch */ = {isa = PBXFileReference; lastKnownFileType = sourcecode.c.h; path = "XCProfileCleaner-Prefix.pch"; sourceTree = "<group>"; };
/* End PBXFileReference section */

/* Begin PBXFrameworksBuildPhase section */
		323932CC1993CF9F00BD549E /* Frameworks */ = {
			isa = PBXFrameworksBuildPhase;
			buildActionMask = 2147483647;
			files = (
				323932D31993CF9F00BD549E /* Foundation.framework in Frameworks */,
			);
			runOnlyForDeploymentPostprocessing = 0;
		};
		323932E419940A6600BD549E /* Frameworks */ = {
			isa = PBXFrameworksBuildPhase;
			buildActionMask = 2147483647;
			files = (
				323932E919940A6600BD549E /* AppKit.framework in Frameworks */,
				323932EA19940A6600BD549E /* Foundation.framework in Frameworks */,
			);
			runOnlyForDeploymentPostprocessing = 0;
		};
/* End PBXFrameworksBuildPhase section */

/* Begin PBXGroup section */
		323932C61993CF9F00BD549E = {
			isa = PBXGroup;
			children = (
				323932D41993CF9F00BD549E /* ProvisioningProfileCleaner */,
				323932EB19940A6600BD549E /* XCProfileCleaner */,
				323932D11993CF9F00BD549E /* Frameworks */,
				323932D01993CF9F00BD549E /* Products */,
			);
			sourceTree = "<group>";
		};
		323932D01993CF9F00BD549E /* Products */ = {
			isa = PBXGroup;
			children = (
				323932CF1993CF9F00BD549E /* ProvisioningProfileCleaner */,
				323932E719940A6600BD549E /* XCProfileCleaner.xcplugin */,
			);
			name = Products;
			sourceTree = "<group>";
		};
		323932D11993CF9F00BD549E /* Frameworks */ = {
			isa = PBXGroup;
			children = (
				323932D21993CF9F00BD549E /* Foundation.framework */,
				323932E819940A6600BD549E /* AppKit.framework */,
			);
			name = Frameworks;
			sourceTree = "<group>";
		};
		323932D41993CF9F00BD549E /* ProvisioningProfileCleaner */ = {
			isa = PBXGroup;
			children = (
				323932D51993CFA000BD549E /* main.m */,
				323932E01993CFC000BD549E /* KBProfileHelper.h */,
				323932E11993CFC000BD549E /* KBProfileHelper.m */,
				323932D91993CFA000BD549E /* ProvisioningProfileCleaner.1 */,
				323932D71993CFA000BD549E /* Supporting Files */,
			);
			path = ProvisioningProfileCleaner;
			sourceTree = "<group>";
		};
		323932D71993CFA000BD549E /* Supporting Files */ = {
			isa = PBXGroup;
			children = (
				323932D81993CFA000BD549E /* ProvisioningProfileCleaner-Prefix.pch */,
			);
			name = "Supporting Files";
			sourceTree = "<group>";
		};
		323932EB19940A6600BD549E /* XCProfileCleaner */ = {
			isa = PBXGroup;
			children = (
				323932F119940A6600BD549E /* XCProfileCleaner.h */,
				323932F219940A6600BD549E /* XCProfileCleaner.m */,
				323932EC19940A6600BD549E /* Supporting Files */,
			);
			path = XCProfileCleaner;
			sourceTree = "<group>";
		};
		323932EC19940A6600BD549E /* Supporting Files */ = {
			isa = PBXGroup;
			children = (
				323932ED19940A6600BD549E /* XCProfileCleaner-Info.plist */,
				323932EE19940A6600BD549E /* InfoPlist.strings */,
				323932F419940A6600BD549E /* XCProfileCleaner-Prefix.pch */,
			);
			name = "Supporting Files";
			sourceTree = "<group>";
		};
/* End PBXGroup section */

/* Begin PBXNativeTarget section */
		323932CE1993CF9F00BD549E /* ProvisioningProfileCleaner */ = {
			isa = PBXNativeTarget;
			buildConfigurationList = 323932DD1993CFA000BD549E /* Build configuration list for PBXNativeTarget "ProvisioningProfileCleaner" */;
			buildPhases = (
				323932CB1993CF9F00BD549E /* Sources */,
				323932CC1993CF9F00BD549E /* Frameworks */,
				323932CD1993CF9F00BD549E /* CopyFiles */,
			);
			buildRules = (
			);
			dependencies = (
			);
			name = ProvisioningProfileCleaner;
			productName = ProvisioningProfileCleaner;
			productReference = 323932CF1993CF9F00BD549E /* ProvisioningProfileCleaner */;
			productType = "com.apple.product-type.tool";
		};
		323932E619940A6600BD549E /* XCProfileCleaner */ = {
			isa = PBXNativeTarget;
			buildConfigurationList = 323932F719940A6600BD549E /* Build configuration list for PBXNativeTarget "XCProfileCleaner" */;
			buildPhases = (
				323932E319940A6600BD549E /* Sources */,
				323932E419940A6600BD549E /* Frameworks */,
				323932E519940A6600BD549E /* Resources */,
			);
			buildRules = (
			);
			dependencies = (
			);
			name = XCProfileCleaner;
			productName = XCProfileCleaner;
			productReference = 323932E719940A6600BD549E /* XCProfileCleaner.xcplugin */;
			productType = "com.apple.product-type.bundle";
		};
/* End PBXNativeTarget section */

/* Begin PBXProject section */
		323932C71993CF9F00BD549E /* Project object */ = {
			isa = PBXProject;
			attributes = {
				LastUpgradeCheck = 0510;
				ORGANIZATIONNAME = nito;
			};
			buildConfigurationList = 323932CA1993CF9F00BD549E /* Build configuration list for PBXProject "ProvisioningProfileCleaner" */;
			compatibilityVersion = "Xcode 3.2";
			developmentRegion = English;
			hasScannedForEncodings = 0;
			knownRegions = (
				en,
			);
			mainGroup = 323932C61993CF9F00BD549E;
			productRefGroup = 323932D01993CF9F00BD549E /* Products */;
			projectDirPath = "";
			projectRoot = "";
			targets = (
				323932E619940A6600BD549E /* XCProfileCleaner */,
				323932CE1993CF9F00BD549E /* ProvisioningProfileCleaner */,
			);
		};
/* End PBXProject section */

/* Begin PBXResourcesBuildPhase section */
		323932E519940A6600BD549E /* Resources */ = {
			isa = PBXResourcesBuildPhase;
			buildActionMask = 2147483647;
			files = (
				323932F019940A6600BD549E /* InfoPlist.strings in Resources */,
			);
			runOnlyForDeploymentPostprocessing = 0;
		};
/* End PBXResourcesBuildPhase section */

/* Begin PBXSourcesBuildPhase section */
		323932CB1993CF9F00BD549E /* Sources */ = {
			isa = PBXSourcesBuildPhase;
			buildActionMask = 2147483647;
			files = (
				323932E21993CFC000BD549E /* KBProfileHelper.m in Sources */,
				323932D61993CFA000BD549E /* main.m in Sources */,
			);
			runOnlyForDeploymentPostprocessing = 0;
		};
		323932E319940A6600BD549E /* Sources */ = {
			isa = PBXSourcesBuildPhase;
			buildActionMask = 2147483647;
			files = (
				323932F819940C4800BD549E /* KBProfileHelper.m in Sources */,
				323932F319940A6600BD549E /* XCProfileCleaner.m in Sources */,
			);
			runOnlyForDeploymentPostprocessing = 0;
		};
/* End PBXSourcesBuildPhase section */

/* Begin PBXVariantGroup section */
		323932EE19940A6600BD549E /* InfoPlist.strings */ = {
			isa = PBXVariantGroup;
			children = (
				323932EF19940A6600BD549E /* en */,
			);
			name = InfoPlist.strings;
			sourceTree = "<group>";
		};
/* End PBXVariantGroup section */

/* Begin XCBuildConfiguration section */
		323932DB1993CFA000BD549E /* Debug */ = {
			isa = XCBuildConfiguration;
			buildSettings = {
				ALWAYS_SEARCH_USER_PATHS = NO;
				CLANG_CXX_LANGUAGE_STANDARD = "gnu++0x";
				CLANG_CXX_LIBRARY = "libc++";
				CLANG_ENABLE_MODULES = YES;
				CLANG_ENABLE_OBJC_ARC = YES;
				CLANG_WARN_BOOL_CONVERSION = YES;
				CLANG_WARN_CONSTANT_CONVERSION = YES;
				CLANG_WARN_DIRECT_OBJC_ISA_USAGE = YES_ERROR;
				CLANG_WARN_EMPTY_BODY = YES;
				CLANG_WARN_ENUM_CONVERSION = YES;
				CLANG_WARN_INT_CONVERSION = YES;
				CLANG_WARN_OBJC_ROOT_CLASS = YES_ERROR;
				CLANG_WARN__DUPLICATE_METHOD_MATCH = YES;
				COPY_PHASE_STRIP = NO;
				GCC_C_LANGUAGE_STANDARD = gnu99;
				GCC_DYNAMIC_NO_PIC = NO;
				GCC_ENABLE_OBJC_EXCEPTIONS = YES;
				GCC_OPTIMIZATION_LEVEL = 0;
				GCC_PREPROCESSOR_DEFINITIONS = (
					"DEBUG=1",
					"$(inherited)",
				);
				GCC_SYMBOLS_PRIVATE_EXTERN = NO;
				GCC_WARN_64_TO_32_BIT_CONVERSION = YES;
				GCC_WARN_ABOUT_RETURN_TYPE = YES_ERROR;
				GCC_WARN_UNDECLARED_SELECTOR = YES;
				GCC_WARN_UNINITIALIZED_AUTOS = YES_AGGRESSIVE;
				GCC_WARN_UNUSED_FUNCTION = YES;
				GCC_WARN_UNUSED_VARIABLE = YES;
				MACOSX_DEPLOYMENT_TARGET = 10.9;
				ONLY_ACTIVE_ARCH = YES;
				SDKROOT = macosx;
			};
			name = Debug;
		};
		323932DC1993CFA000BD549E /* Release */ = {
			isa = XCBuildConfiguration;
			buildSettings = {
				ALWAYS_SEARCH_USER_PATHS = NO;
				CLANG_CXX_LANGUAGE_STANDARD = "gnu++0x";
				CLANG_CXX_LIBRARY = "libc++";
				CLANG_ENABLE_MODULES = YES;
				CLANG_ENABLE_OBJC_ARC = YES;
				CLANG_WARN_BOOL_CONVERSION = YES;
				CLANG_WARN_CONSTANT_CONVERSION = YES;
				CLANG_WARN_DIRECT_OBJC_ISA_USAGE = YES_ERROR;
				CLANG_WARN_EMPTY_BODY = YES;
				CLANG_WARN_ENUM_CONVERSION = YES;
				CLANG_WARN_INT_CONVERSION = YES;
				CLANG_WARN_OBJC_ROOT_CLASS = YES_ERROR;
				CLANG_WARN__DUPLICATE_METHOD_MATCH = YES;
				COPY_PHASE_STRIP = YES;
				DEBUG_INFORMATION_FORMAT = "dwarf-with-dsym";
				ENABLE_NS_ASSERTIONS = NO;
				GCC_C_LANGUAGE_STANDARD = gnu99;
				GCC_ENABLE_OBJC_EXCEPTIONS = YES;
				GCC_WARN_64_TO_32_BIT_CONVERSION = YES;
				GCC_WARN_ABOUT_RETURN_TYPE = YES_ERROR;
				GCC_WARN_UNDECLARED_SELECTOR = YES;
				GCC_WARN_UNINITIALIZED_AUTOS = YES_AGGRESSIVE;
				GCC_WARN_UNUSED_FUNCTION = YES;
				GCC_WARN_UNUSED_VARIABLE = YES;
				MACOSX_DEPLOYMENT_TARGET = 10.9;
				SDKROOT = macosx;
			};
			name = Release;
		};
		323932DE1993CFA000BD549E /* Debug */ = {
			isa = XCBuildConfiguration;
			buildSettings = {
				GCC_PRECOMPILE_PREFIX_HEADER = YES;
				GCC_PREFIX_HEADER = "ProvisioningProfileCleaner/ProvisioningProfileCleaner-Prefix.pch";
				PRODUCT_NAME = "$(TARGET_NAME)";
			};
			name = Debug;
		};
		323932DF1993CFA000BD549E /* Release */ = {
			isa = XCBuildConfiguration;
			buildSettings = {
				GCC_PRECOMPILE_PREFIX_HEADER = YES;
				GCC_PREFIX_HEADER = "ProvisioningProfileCleaner/ProvisioningProfileCleaner-Prefix.pch";
				PRODUCT_NAME = "$(TARGET_NAME)";
			};
			name = Release;
		};
		323932F519940A6600BD549E /* Debug */ = {
			isa = XCBuildConfiguration;
			buildSettings = {
				COMBINE_HIDPI_IMAGES = YES;
				DEPLOYMENT_LOCATION = YES;
				DSTROOT = "$(HOME)";
				GCC_PRECOMPILE_PREFIX_HEADER = YES;
				GCC_PREFIX_HEADER = "XCProfileCleaner/XCProfileCleaner-Prefix.pch";
				GCC_PREPROCESSOR_DEFINITIONS = (
					"DEBUG=1",
					"$(inherited)",
				);
				INFOPLIST_FILE = "XCProfileCleaner/XCProfileCleaner-Info.plist";
				INSTALL_PATH = "/Library/Application Support/Developer/Shared/Xcode/Plug-ins";
				PRODUCT_NAME = "$(TARGET_NAME)";
				WRAPPER_EXTENSION = xcplugin;
			};
			name = Debug;
		};
		323932F619940A6600BD549E /* Release */ = {
			isa = XCBuildConfiguration;
			buildSettings = {
				COMBINE_HIDPI_IMAGES = YES;
				DEPLOYMENT_LOCATION = YES;
				DSTROOT = "$(HOME)";
				GCC_PRECOMPILE_PREFIX_HEADER = YES;
				GCC_PREFIX_HEADER = "XCProfileCleaner/XCProfileCleaner-Prefix.pch";
				INFOPLIST_FILE = "XCProfileCleaner/XCProfileCleaner-Info.plist";
				INSTALL_PATH = "/Library/Application Support/Developer/Shared/Xcode/Plug-ins";
				PRODUCT_NAME = "$(TARGET_NAME)";
				WRAPPER_EXTENSION = xcplugin;
			};
			name = Release;
		};
/* End XCBuildConfiguration section */

/* Begin XCConfigurationList section */
		323932CA1993CF9F00BD549E /* Build configuration list for PBXProject "ProvisioningProfileCleaner" */ = {
			isa = XCConfigurationList;
			buildConfigurations = (
				323932DB1993CFA000BD549E /* Debug */,
				323932DC1993CFA000BD549E /* Release */,
			);
			defaultConfigurationIsVisible = 0;
			defaultConfigurationName = Release;
		};
		323932DD1993CFA000BD549E /* Build configuration list for PBXNativeTarget "ProvisioningProfileCleaner" */ = {
			isa = XCConfigurationList;
			buildConfigurations = (
				323932DE1993CFA000BD549E /* Debug */,
				323932DF1993CFA000BD549E /* Release */,
			);
			defaultConfigurationIsVisible = 0;
			defaultConfigurationName = Release;
		};
		323932F719940A6600BD549E /* Build configuration list for PBXNativeTarget "XCProfileCleaner" */ = {
			isa = XCConfigurationList;
			buildConfigurations = (
				323932F519940A6600BD549E /* Debug */,
				323932F619940A6600BD549E /* Release */,
			);
			defaultConfigurationIsVisible = 0;
		};
/* End XCConfigurationList section */
	};
	rootObject = 323932C71993CF9F00BD549E /* Project object */;
}
